Microsoft Visual Studio Solution File, Format Version 11.00
# Visual Studio 2008

Project("{4B9FC0FF-41A2-EE89-63EC-C9AC50A67666}") = "Districts", "Assembly-CSharp.csproj", "{A3BC3ACD-9EDD-5519-DCF0-9FD29F782E9A}"
EndProject
Global
	GlobalSection(SolutionConfigurationPlatforms) = preSolution
		Debug|Any CPU = Debug|Any CPU
		Release|Any CPU = Release|Any CPU
	EndGlobalSection
	GlobalSection(ProjectConfigurationPlatforms) = postSolution
		{A3BC3ACD-9EDD-5519-DCF0-9FD29F782E9A}.Debug|Any CPU.ActiveCfg = Debug|Any CPU
		{A3BC3ACD-9EDD-5519-DCF0-9FD29F782E9A}.Debug|Any CPU.Build.0 = Debug|Any CPU
		{A3BC3ACD-9EDD-5519-DCF0-9FD29F782E9A}.Release|Any CPU.ActiveCfg = Release|Any CPU
		{A3BC3ACD-9EDD-5519-DCF0-9FD29F782E9A}.Release|Any CPU.Build.0 = Release|Any CPU
	EndGlobalSection
	GlobalSection(SolutionProperties) = preSolution
		HideSolutionNode = FALSE
	EndGlobalSection
	GlobalSection(MonoDevelopProperties) = preSolution
		StartupItem = Assembly-CSharp.csproj
	EndGlobalSection
EndGlobal
